
Microsoft Visual Studio Solution File, Format Version 12.00
# Visual Studio Version 17
VisualStudioVersion = 17.7.34024.191
MinimumVisualStudioVersion = 10.0.40219.1
Project("{2150E333-8FDC-42A3-9474-1A3956D46DE8}") = "src", "src", "{2100ACDD-E0B0-4CD2-A0F8-F45D26B2E84A}"
EndProject
Project("{2150E333-8FDC-42A3-9474-1A3956D46DE8}") = "Shared", "Shared", "{13F48E0F-F7AC-4F2C-AE1A-1D3EC80C9926}"
EndProject
Project("{FAE04EC0-301F-11D3-BF4B-00C04F79EFBC}") = "CAP.Shared", "src\Shared\CAP.Shared\CAP.Shared.csproj", "{B820ACDA-D475-46BA-89F3-B2B852529225}"
EndProject
Project("{FAE04EC0-301F-11D3-BF4B-00C04F79EFBC}") = "CAP.Shared.Abstractions", "src\Shared\CAP.Shared.Abstractions\CAP.Shared.Abstractions.csproj", "{CD14D04F-FA41-49B3-AF92-5CFD8C5EB023}"
EndProject
Project("{FAE04EC0-301F-11D3-BF4B-00C04F79EFBC}") = "CAP.Api", "src\CAP.Api\CAP.Api.csproj", "{95DB8BCD-A607-4B3D-B203-5666065E626B}"
EndProject
Project("{FAE04EC0-301F-11D3-BF4B-00C04F79EFBC}") = "CAP.Domain", "src\CAP.Domain\CAP.Domain.csproj", "{E860DAF8-38A7-473D-A425-EACF3E529FB2}"
EndProject
Project("{FAE04EC0-301F-11D3-BF4B-00C04F79EFBC}") = "CAP.Application", "src\CAP.Application\CAP.Application.csproj", "{2B17793F-CB14-40C7-B2DB-EBA80E090150}"
EndProject
Project("{FAE04EC0-301F-11D3-BF4B-00C04F79EFBC}") = "CAP.Infastructure", "src\CAP.Infastructure\CAP.Infastructure.csproj", "{DA4C7375-A7FD-4C19-90AD-A6805098C29B}"
EndProject
Global
	GlobalSection(SolutionConfigurationPlatforms) = preSolution
		Debug|Any CPU = Debug|Any CPU
		Release|Any CPU = Release|Any CPU
	EndGlobalSection
	GlobalSection(ProjectConfigurationPlatforms) = postSolution
		{B820ACDA-D475-46BA-89F3-B2B852529225}.Debug|Any CPU.ActiveCfg = Debug|Any CPU
		{B820ACDA-D475-46BA-89F3-B2B852529225}.Debug|Any CPU.Build.0 = Debug|Any CPU
		{B820ACDA-D475-46BA-89F3-B2B852529225}.Release|Any CPU.ActiveCfg = Release|Any CPU
		{B820ACDA-D475-46BA-89F3-B2B852529225}.Release|Any CPU.Build.0 = Release|Any CPU
		{CD14D04F-FA41-49B3-AF92-5CFD8C5EB023}.Debug|Any CPU.ActiveCfg = Debug|Any CPU
		{CD14D04F-FA41-49B3-AF92-5CFD8C5EB023}.Debug|Any CPU.Build.0 = Debug|Any CPU
		{CD14D04F-FA41-49B3-AF92-5CFD8C5EB023}.Release|Any CPU.ActiveCfg = Release|Any CPU
		{CD14D04F-FA41-49B3-AF92-5CFD8C5EB023}.Release|Any CPU.Build.0 = Release|Any CPU
		{95DB8BCD-A607-4B3D-B203-5666065E626B}.Debug|Any CPU.ActiveCfg = Debug|Any CPU
		{95DB8BCD-A607-4B3D-B203-5666065E626B}.Debug|Any CPU.Build.0 = Debug|Any CPU
		{95DB8BCD-A607-4B3D-B203-5666065E626B}.Release|Any CPU.ActiveCfg = Release|Any CPU
		{95DB8BCD-A607-4B3D-B203-5666065E626B}.Release|Any CPU.Build.0 = Release|Any CPU
		{E860DAF8-38A7-473D-A425-EACF3E529FB2}.Debug|Any CPU.ActiveCfg = Debug|Any CPU
		{E860DAF8-38A7-473D-A425-EACF3E529FB2}.Debug|Any CPU.Build.0 = Debug|Any CPU
		{E860DAF8-38A7-473D-A425-EACF3E529FB2}.Release|Any CPU.ActiveCfg = Release|Any CPU
		{E860DAF8-38A7-473D-A425-EACF3E529FB2}.Release|Any CPU.Build.0 = Release|Any CPU
		{2B17793F-CB14-40C7-B2DB-EBA80E090150}.Debug|Any CPU.ActiveCfg = Debug|Any CPU
		{2B17793F-CB14-40C7-B2DB-EBA80E090150}.Debug|Any CPU.Build.0 = Debug|Any CPU
		{2B17793F-CB14-40C7-B2DB-EBA80E090150}.Release|Any CPU.ActiveCfg = Release|Any CPU
		{2B17793F-CB14-40C7-B2DB-EBA80E090150}.Release|Any CPU.Build.0 = Release|Any CPU
		{DA4C7375-A7FD-4C19-90AD-A6805098C29B}.Debug|Any CPU.ActiveCfg = Debug|Any CPU
		{DA4C7375-A7FD-4C19-90AD-A6805098C29B}.Debug|Any CPU.Build.0 = Debug|Any CPU
		{DA4C7375-A7FD-4C19-90AD-A6805098C29B}.Release|Any CPU.ActiveCfg = Release|Any CPU
		{DA4C7375-A7FD-4C19-90AD-A6805098C29B}.Release|Any CPU.Build.0 = Release|Any CPU
	EndGlobalSection
	GlobalSection(SolutionProperties) = preSolution
		HideSolutionNode = FALSE
	EndGlobalSection
	GlobalSection(NestedProjects) = preSolution
		{13F48E0F-F7AC-4F2C-AE1A-1D3EC80C9926} = {2100ACDD-E0B0-4CD2-A0F8-F45D26B2E84A}
		{B820ACDA-D475-46BA-89F3-B2B852529225} = {13F48E0F-F7AC-4F2C-AE1A-1D3EC80C9926}
		{CD14D04F-FA41-49B3-AF92-5CFD8C5EB023} = {13F48E0F-F7AC-4F2C-AE1A-1D3EC80C9926}
		{95DB8BCD-A607-4B3D-B203-5666065E626B} = {2100ACDD-E0B0-4CD2-A0F8-F45D26B2E84A}
		{E860DAF8-38A7-473D-A425-EACF3E529FB2} = {2100ACDD-E0B0-4CD2-A0F8-F45D26B2E84A}
		{2B17793F-CB14-40C7-B2DB-EBA80E090150} = {2100ACDD-E0B0-4CD2-A0F8-F45D26B2E84A}
		{DA4C7375-A7FD-4C19-90AD-A6805098C29B} = {2100ACDD-E0B0-4CD2-A0F8-F45D26B2E84A}
	EndGlobalSection
	GlobalSection(ExtensibilityGlobals) = postSolution
		SolutionGuid = {D15E446E-5C6C-47E6-9FD2-C940D22C3F7C}
	EndGlobalSection
EndGlobal
